// !$*UTF8*$!
{
	archiveVersion = 1;
	classes = {
	};
	objectVersion = 51;
	objects = {

/* Begin PBXBuildFile section */
		87B0E725317B29330E371512 /* Pods_todoSlayer.framework in Frameworks */ = {isa = PBXBuildFile; fileRef = 335B6D53312E420B419F21AC /* Pods_todoSlayer.framework */; };
		F002A09B227ECF9E0018B679 /* AppDelegate.swift in Sources */ = {isa = PBXBuildFile; fileRef = F002A09A227ECF9E0018B679 /* AppDelegate.swift */; };
		F002A09D227ECF9E0018B679 /* TodoListVC.swift in Sources */ = {isa = PBXBuildFile; fileRef = F002A09C227ECF9E0018B679 /* TodoListVC.swift */; };
		F002A0A2227ECFA00018B679 /* Assets.xcassets in Resources */ = {isa = PBXBuildFile; fileRef = F002A0A1227ECFA00018B679 /* Assets.xcassets */; };
		F008BB4E22AB81C500700CED /* TodoListVCModel.swift in Sources */ = {isa = PBXBuildFile; fileRef = F008BB4D22AB81C500700CED /* TodoListVCModel.swift */; };
		F010CBB7228835F500F2708A /* TaskCell.swift in Sources */ = {isa = PBXBuildFile; fileRef = F010CBB6228835F500F2708A /* TaskCell.swift */; };
		F010CBB922883F7E00F2708A /* RealmLayer + TodoItemList.swift in Sources */ = {isa = PBXBuildFile; fileRef = F010CBB822883F7E00F2708A /* RealmLayer + TodoItemList.swift */; };
		F0217B18239BA25F0077407A /* TestVC.swift in Sources */ = {isa = PBXBuildFile; fileRef = F0217B17239BA25F0077407A /* TestVC.swift */; };
		F0217B1A239D42740077407A /* HomeVC.swift in Sources */ = {isa = PBXBuildFile; fileRef = F0217B19239D42740077407A /* HomeVC.swift */; };
		F0217B1C239D47F20077407A /* HomeViewCell.swift in Sources */ = {isa = PBXBuildFile; fileRef = F0217B1B239D47F20077407A /* HomeViewCell.swift */; };
		F022509B239EAC6C008C3FE3 /* FirebaseLayer+HomeVC.swift in Sources */ = {isa = PBXBuildFile; fileRef = F022509A239EAC6C008C3FE3 /* FirebaseLayer+HomeVC.swift */; };
		F03A05AD23080751003967E1 /* DateTimeVC.swift in Sources */ = {isa = PBXBuildFile; fileRef = F03A05AC23080751003967E1 /* DateTimeVC.swift */; };
		F03AB5F52284915300E37B2E /* TodoItem.swift in Sources */ = {isa = PBXBuildFile; fileRef = F03AB5F42284915300E37B2E /* TodoItem.swift */; };
		F03AB5F72284954E00E37B2E /* Extensions.swift in Sources */ = {isa = PBXBuildFile; fileRef = F03AB5F62284954E00E37B2E /* Extensions.swift */; };
		F03AB5F92284967200E37B2E /* TodoListViewModel.swift in Sources */ = {isa = PBXBuildFile; fileRef = F03AB5F82284967200E37B2E /* TodoListViewModel.swift */; };
		F03AB5FB2284971B00E37B2E /* TodoDetailVC.swift in Sources */ = {isa = PBXBuildFile; fileRef = F03AB5FA2284971B00E37B2E /* TodoDetailVC.swift */; };
		F04189AA239D562200BDD849 /* List.swift in Sources */ = {isa = PBXBuildFile; fileRef = F04189A9239D562200BDD849 /* List.swift */; };
		F04189AC239D68C000BDD849 /* HomeViewModel.swift in Sources */ = {isa = PBXBuildFile; fileRef = F04189AB239D68C000BDD849 /* HomeViewModel.swift */; };
		F049B06C2393D5B30070F43B /* User.swift in Sources */ = {isa = PBXBuildFile; fileRef = F049B06B2393D5B30070F43B /* User.swift */; };
		F04D9D8323938CE400F759C3 /* AppSession.swift in Sources */ = {isa = PBXBuildFile; fileRef = F04D9D8223938CE400F759C3 /* AppSession.swift */; };
		F060A5EC22A2F92E00B095B3 /* RoundedCheckBoxButton.swift in Sources */ = {isa = PBXBuildFile; fileRef = F060A5EB22A2F92E00B095B3 /* RoundedCheckBoxButton.swift */; };
		F07EA87F23890E0A00A0FD97 /* TimeVC.swift in Sources */ = {isa = PBXBuildFile; fileRef = F07EA87E23890E0A00A0FD97 /* TimeVC.swift */; };
		F0860CF12376C9BC00298AE5 /* GoogleService-Info.plist in Resources */ = {isa = PBXBuildFile; fileRef = F0860CF02376C9BC00298AE5 /* GoogleService-Info.plist */; };
		F0860CF32376CC7100298AE5 /* FirebaseLayer+DeviceToken.swift in Sources */ = {isa = PBXBuildFile; fileRef = F0860CF22376CC7100298AE5 /* FirebaseLayer+DeviceToken.swift */; };
		F0860CF52376D32100298AE5 /* AppEntryViewModel.swift in Sources */ = {isa = PBXBuildFile; fileRef = F0860CF42376D32100298AE5 /* AppEntryViewModel.swift */; };
		F08EA8C4228FC4210003698B /* FirebaseLayer.swift in Sources */ = {isa = PBXBuildFile; fileRef = F08EA8C3228FC4210003698B /* FirebaseLayer.swift */; };
		F08EA8C6228FC49E0003698B /* FirebaseLayer+ItemDetailView.swift in Sources */ = {isa = PBXBuildFile; fileRef = F08EA8C5228FC49E0003698B /* FirebaseLayer+ItemDetailView.swift */; };
		F08EA8C8228FC7AC0003698B /* FirebaseLayer+ItemListView.swift in Sources */ = {isa = PBXBuildFile; fileRef = F08EA8C7228FC7AC0003698B /* FirebaseLayer+ItemListView.swift */; };
		F0994F952393746B009093BD /* LoginScreen.swift in Sources */ = {isa = PBXBuildFile; fileRef = F0994F942393746B009093BD /* LoginScreen.swift */; };
		F09AC65E2287F753003DC091 /* TodoDetailViewModel.swift in Sources */ = {isa = PBXBuildFile; fileRef = F09AC65D2287F753003DC091 /* TodoDetailViewModel.swift */; };
		F09AC6632288064B003DC091 /* RealmLayer.swift in Sources */ = {isa = PBXBuildFile; fileRef = F09AC6622288064B003DC091 /* RealmLayer.swift */; };
		F09AC66522880675003DC091 /* DatabaseRequirements.swift in Sources */ = {isa = PBXBuildFile; fileRef = F09AC66422880675003DC091 /* DatabaseRequirements.swift */; };
		F09AC66722880715003DC091 /* RealmLayer + TodoItemEntry.swift in Sources */ = {isa = PBXBuildFile; fileRef = F09AC66622880715003DC091 /* RealmLayer + TodoItemEntry.swift */; };
		F0CF358B2393D3CF00BA51D0 /* FirebaseLayer+LoginScreen.swift in Sources */ = {isa = PBXBuildFile; fileRef = F0CF358A2393D3CF00BA51D0 /* FirebaseLayer+LoginScreen.swift */; };
		F0EC17C7229A5D6200CFFDA5 /* Logger.swift in Sources */ = {isa = PBXBuildFile; fileRef = F0EC17C6229A5D6200CFFDA5 /* Logger.swift */; };
		F0F28A11238A9C700017EAFD /* RootViewController.swift in Sources */ = {isa = PBXBuildFile; fileRef = F0F28A10238A9C700017EAFD /* RootViewController.swift */; };
		F0F28A14238A9DE30017EAFD /* RootViewNavigator.swift in Sources */ = {isa = PBXBuildFile; fileRef = F0F28A13238A9DE30017EAFD /* RootViewNavigator.swift */; };
/* End PBXBuildFile section */

/* Begin PBXFileReference section */
		335B6D53312E420B419F21AC /* Pods_todoSlayer.framework */ = {isa = PBXFileReference; explicitFileType = wrapper.framework; includeInIndex = 0; path = Pods_todoSlayer.framework; sourceTree = BUILT_PRODUCTS_DIR; };
		515EC0C51191184115EB7E35 /* Pods-todoSlayer.debug.xcconfig */ = {isa = PBXFileReference; includeInIndex = 1; lastKnownFileType = text.xcconfig; name = "Pods-todoSlayer.debug.xcconfig"; path = "Target Support Files/Pods-todoSlayer/Pods-todoSlayer.debug.xcconfig"; sourceTree = "<group>"; };
		B05518B4AD4CDD7EAF1F59CD /* Pods-todoSlayer.release.xcconfig */ = {isa = PBXFileReference; includeInIndex = 1; lastKnownFileType = text.xcconfig; name = "Pods-todoSlayer.release.xcconfig"; path = "Target Support Files/Pods-todoSlayer/Pods-todoSlayer.release.xcconfig"; sourceTree = "<group>"; };
		F002A097227ECF9E0018B679 /* todoSlayer.app */ = {isa = PBXFileReference; explicitFileType = wrapper.application; includeInIndex = 0; path = todoSlayer.app; sourceTree = BUILT_PRODUCTS_DIR; };
		F002A09A227ECF9E0018B679 /* AppDelegate.swift */ = {isa = PBXFileReference; lastKnownFileType = sourcecode.swift; path = AppDelegate.swift; sourceTree = "<group>"; };
		F002A09C227ECF9E0018B679 /* TodoListVC.swift */ = {isa = PBXFileReference; lastKnownFileType = sourcecode.swift; path = TodoListVC.swift; sourceTree = "<group>"; };
		F002A0A1227ECFA00018B679 /* Assets.xcassets */ = {isa = PBXFileReference; lastKnownFileType = folder.assetcatalog; path = Assets.xcassets; sourceTree = "<group>"; };
		F002A0A6227ECFA00018B679 /* Info.plist */ = {isa = PBXFileReference; lastKnownFileType = text.plist.xml; path = Info.plist; sourceTree = "<group>"; };
		F008BB4D22AB81C500700CED /* TodoListVCModel.swift */ = {isa = PBXFileReference; lastKnownFileType = sourcecode.swift; path = TodoListVCModel.swift; sourceTree = "<group>"; };
		F010CBB6228835F500F2708A /* TaskCell.swift */ = {isa = PBXFileReference; lastKnownFileType = sourcecode.swift; path = TaskCell.swift; sourceTree = "<group>"; };
		F010CBB822883F7E00F2708A /* RealmLayer + TodoItemList.swift */ = {isa = PBXFileReference; lastKnownFileType = sourcecode.swift; path = "RealmLayer + TodoItemList.swift"; sourceTree = "<group>"; };
		F0217B17239BA25F0077407A /* TestVC.swift */ = {isa = PBXFileReference; lastKnownFileType = sourcecode.swift; path = TestVC.swift; sourceTree = "<group>"; };
		F0217B19239D42740077407A /* HomeVC.swift */ = {isa = PBXFileReference; lastKnownFileType = sourcecode.swift; path = HomeVC.swift; sourceTree = "<group>"; };
		F0217B1B239D47F20077407A /* HomeViewCell.swift */ = {isa = PBXFileReference; lastKnownFileType = sourcecode.swift; path = HomeViewCell.swift; sourceTree = "<group>"; };
		F022509A239EAC6C008C3FE3 /* FirebaseLayer+HomeVC.swift */ = {isa = PBXFileReference; lastKnownFileType = sourcecode.swift; path = "FirebaseLayer+HomeVC.swift"; sourceTree = "<group>"; };
		F03A05AC23080751003967E1 /* DateTimeVC.swift */ = {isa = PBXFileReference; fileEncoding = 4; lastKnownFileType = sourcecode.swift; path = DateTimeVC.swift; sourceTree = "<group>"; };
		F03AB5F42284915300E37B2E /* TodoItem.swift */ = {isa = PBXFileReference; lastKnownFileType = sourcecode.swift; path = TodoItem.swift; sourceTree = "<group>"; };
		F03AB5F62284954E00E37B2E /* Extensions.swift */ = {isa = PBXFileReference; lastKnownFileType = sourcecode.swift; path = Extensions.swift; sourceTree = "<group>"; };
		F03AB5F82284967200E37B2E /* TodoListViewModel.swift */ = {isa = PBXFileReference; lastKnownFileType = sourcecode.swift; path = TodoListViewModel.swift; sourceTree = "<group>"; };
		F03AB5FA2284971B00E37B2E /* TodoDetailVC.swift */ = {isa = PBXFileReference; lastKnownFileType = sourcecode.swift; path = TodoDetailVC.swift; sourceTree = "<group>"; };
		F04189A9239D562200BDD849 /* List.swift */ = {isa = PBXFileReference; lastKnownFileType = sourcecode.swift; path = List.swift; sourceTree = "<group>"; };
		F04189AB239D68C000BDD849 /* HomeViewModel.swift */ = {isa = PBXFileReference; lastKnownFileType = sourcecode.swift; path = HomeViewModel.swift; sourceTree = "<group>"; };
		F049B06B2393D5B30070F43B /* User.swift */ = {isa = PBXFileReference; lastKnownFileType = sourcecode.swift; path = User.swift; sourceTree = "<group>"; };
		F04D9D8223938CE400F759C3 /* AppSession.swift */ = {isa = PBXFileReference; lastKnownFileType = sourcecode.swift; path = AppSession.swift; sourceTree = "<group>"; };
		F060A5EB22A2F92E00B095B3 /* RoundedCheckBoxButton.swift */ = {isa = PBXFileReference; lastKnownFileType = sourcecode.swift; name = RoundedCheckBoxButton.swift; path = todoSlayer/View/RoundedCheckBoxButton.swift; sourceTree = SOURCE_ROOT; };
		F07EA87E23890E0A00A0FD97 /* TimeVC.swift */ = {isa = PBXFileReference; fileEncoding = 4; lastKnownFileType = sourcecode.swift; path = TimeVC.swift; sourceTree = "<group>"; };
		F0860CEF2376C0C900298AE5 /* todoSlayer.entitlements */ = {isa = PBXFileReference; lastKnownFileType = text.plist.entitlements; path = todoSlayer.entitlements; sourceTree = "<group>"; };
		F0860CF02376C9BC00298AE5 /* GoogleService-Info.plist */ = {isa = PBXFileReference; fileEncoding = 4; lastKnownFileType = text.plist.xml; path = "GoogleService-Info.plist"; sourceTree = "<group>"; };
		F0860CF22376CC7100298AE5 /* FirebaseLayer+DeviceToken.swift */ = {isa = PBXFileReference; lastKnownFileType = sourcecode.swift; path = "FirebaseLayer+DeviceToken.swift"; sourceTree = "<group>"; };
		F0860CF42376D32100298AE5 /* AppEntryViewModel.swift */ = {isa = PBXFileReference; lastKnownFileType = sourcecode.swift; path = AppEntryViewModel.swift; sourceTree = "<group>"; };
		F08EA8C3228FC4210003698B /* FirebaseLayer.swift */ = {isa = PBXFileReference; lastKnownFileType = sourcecode.swift; path = FirebaseLayer.swift; sourceTree = "<group>"; };
		F08EA8C5228FC49E0003698B /* FirebaseLayer+ItemDetailView.swift */ = {isa = PBXFileReference; lastKnownFileType = sourcecode.swift; path = "FirebaseLayer+ItemDetailView.swift"; sourceTree = "<group>"; };
		F08EA8C7228FC7AC0003698B /* FirebaseLayer+ItemListView.swift */ = {isa = PBXFileReference; lastKnownFileType = sourcecode.swift; path = "FirebaseLayer+ItemListView.swift"; sourceTree = "<group>"; };
		F0994F942393746B009093BD /* LoginScreen.swift */ = {isa = PBXFileReference; lastKnownFileType = sourcecode.swift; path = LoginScreen.swift; sourceTree = "<group>"; };
		F09AC65D2287F753003DC091 /* TodoDetailViewModel.swift */ = {isa = PBXFileReference; lastKnownFileType = sourcecode.swift; path = TodoDetailViewModel.swift; sourceTree = "<group>"; };
		F09AC6622288064B003DC091 /* RealmLayer.swift */ = {isa = PBXFileReference; lastKnownFileType = sourcecode.swift; path = RealmLayer.swift; sourceTree = "<group>"; };
		F09AC66422880675003DC091 /* DatabaseRequirements.swift */ = {isa = PBXFileReference; lastKnownFileType = sourcecode.swift; path = DatabaseRequirements.swift; sourceTree = "<group>"; };
		F09AC66622880715003DC091 /* RealmLayer + TodoItemEntry.swift */ = {isa = PBXFileReference; lastKnownFileType = sourcecode.swift; path = "RealmLayer + TodoItemEntry.swift"; sourceTree = "<group>"; };
		F0CF358A2393D3CF00BA51D0 /* FirebaseLayer+LoginScreen.swift */ = {isa = PBXFileReference; lastKnownFileType = sourcecode.swift; path = "FirebaseLayer+LoginScreen.swift"; sourceTree = "<group>"; };
		F0EC17C6229A5D6200CFFDA5 /* Logger.swift */ = {isa = PBXFileReference; lastKnownFileType = sourcecode.swift; path = Logger.swift; sourceTree = "<group>"; };
		F0F28A10238A9C700017EAFD /* RootViewController.swift */ = {isa = PBXFileReference; lastKnownFileType = sourcecode.swift; name = RootViewController.swift; path = /Volumes/Office/TestProjects/theTodoSlayer/todoSlayer/todoSlayer/RootViewController.swift; sourceTree = "<absolute>"; };
		F0F28A13238A9DE30017EAFD /* RootViewNavigator.swift */ = {isa = PBXFileReference; lastKnownFileType = sourcecode.swift; path = RootViewNavigator.swift; sourceTree = "<group>"; };
/* End PBXFileReference section */

/* Begin PBXFrameworksBuildPhase section */
		F002A094227ECF9E0018B679 /* Frameworks */ = {
			isa = PBXFrameworksBuildPhase;
			buildActionMask = 2147483647;
			files = (
				87B0E725317B29330E371512 /* Pods_todoSlayer.framework in Frameworks */,
			);
			runOnlyForDeploymentPostprocessing = 0;
		};
/* End PBXFrameworksBuildPhase section */

/* Begin PBXGroup section */
		DE366ED3B0CE8F62D9E051DA /* Frameworks */ = {
			isa = PBXGroup;
			children = (
				335B6D53312E420B419F21AC /* Pods_todoSlayer.framework */,
			);
			name = Frameworks;
			sourceTree = "<group>";
		};
		EB49113C2AADB6718A910B0D /* Pods */ = {
			isa = PBXGroup;
			children = (
				515EC0C51191184115EB7E35 /* Pods-todoSlayer.debug.xcconfig */,
				B05518B4AD4CDD7EAF1F59CD /* Pods-todoSlayer.release.xcconfig */,
			);
			path = Pods;
			sourceTree = "<group>";
		};
		F002A08E227ECF9E0018B679 = {
			isa = PBXGroup;
			children = (
				F002A099227ECF9E0018B679 /* todoSlayer */,
				F002A098227ECF9E0018B679 /* Products */,
				EB49113C2AADB6718A910B0D /* Pods */,
				DE366ED3B0CE8F62D9E051DA /* Frameworks */,
			);
			sourceTree = "<group>";
		};
		F002A098227ECF9E0018B679 /* Products */ = {
			isa = PBXGroup;
			children = (
				F002A097227ECF9E0018B679 /* todoSlayer.app */,
			);
			name = Products;
			sourceTree = "<group>";
		};
		F002A099227ECF9E0018B679 /* todoSlayer */ = {
			isa = PBXGroup;
			children = (
				F0860CF02376C9BC00298AE5 /* GoogleService-Info.plist */,
				F002A0A6227ECFA00018B679 /* Info.plist */,
				F0860CEF2376C0C900298AE5 /* todoSlayer.entitlements */,
				F0F28A12238A9DD40017EAFD /* AppEntry */,
				F09AC661228805C5003DC091 /* Database */,
				F09AC6602287F79E003DC091 /* Others */,
				F03AB5F32284914200E37B2E /* Model */,
				F03AB5F22284913A00E37B2E /* ViewModel */,
				F09AC65F2287F77A003DC091 /* View */,
				F0217B17239BA25F0077407A /* TestVC.swift */,
			);
			path = todoSlayer;
			sourceTree = "<group>";
		};
		F010CBB5228835E200F2708A /* Cells */ = {
			isa = PBXGroup;
			children = (
				F010CBB6228835F500F2708A /* TaskCell.swift */,
				F060A5EB22A2F92E00B095B3 /* RoundedCheckBoxButton.swift */,
				F0217B1B239D47F20077407A /* HomeViewCell.swift */,
			);
			path = Cells;
			sourceTree = "<group>";
		};
		F03AB5F22284913A00E37B2E /* ViewModel */ = {
			isa = PBXGroup;
			children = (
				F03AB5F82284967200E37B2E /* TodoListViewModel.swift */,
				F09AC65D2287F753003DC091 /* TodoDetailViewModel.swift */,
				F0860CF42376D32100298AE5 /* AppEntryViewModel.swift */,
				F04189AB239D68C000BDD849 /* HomeViewModel.swift */,
			);
			path = ViewModel;
			sourceTree = "<group>";
		};
		F03AB5F32284914200E37B2E /* Model */ = {
			isa = PBXGroup;
			children = (
				F008BB4D22AB81C500700CED /* TodoListVCModel.swift */,
				F03AB5F42284915300E37B2E /* TodoItem.swift */,
				F049B06B2393D5B30070F43B /* User.swift */,
				F04189A9239D562200BDD849 /* List.swift */,
			);
			path = Model;
			sourceTree = "<group>";
		};
		F08EA8C1228FC3D90003698B /* Remote */ = {
			isa = PBXGroup;
			children = (
				F08EA8C3228FC4210003698B /* FirebaseLayer.swift */,
				F08EA8C5228FC49E0003698B /* FirebaseLayer+ItemDetailView.swift */,
				F08EA8C7228FC7AC0003698B /* FirebaseLayer+ItemListView.swift */,
				F0860CF22376CC7100298AE5 /* FirebaseLayer+DeviceToken.swift */,
				F0CF358A2393D3CF00BA51D0 /* FirebaseLayer+LoginScreen.swift */,
				F022509A239EAC6C008C3FE3 /* FirebaseLayer+HomeVC.swift */,
			);
			path = Remote;
			sourceTree = "<group>";
		};
		F08EA8C2228FC3DC0003698B /* Local */ = {
			isa = PBXGroup;
			children = (
				F09AC6622288064B003DC091 /* RealmLayer.swift */,
				F09AC66622880715003DC091 /* RealmLayer + TodoItemEntry.swift */,
				F010CBB822883F7E00F2708A /* RealmLayer + TodoItemList.swift */,
			);
			path = Local;
			sourceTree = "<group>";
		};
		F09AC65F2287F77A003DC091 /* View */ = {
			isa = PBXGroup;
			children = (
				F010CBB5228835E200F2708A /* Cells */,
				F07EA87E23890E0A00A0FD97 /* TimeVC.swift */,
				F03A05AC23080751003967E1 /* DateTimeVC.swift */,
				F002A09C227ECF9E0018B679 /* TodoListVC.swift */,
				F03AB5FA2284971B00E37B2E /* TodoDetailVC.swift */,
				F0217B19239D42740077407A /* HomeVC.swift */,
			);
			path = View;
			sourceTree = "<group>";
		};
		F09AC6602287F79E003DC091 /* Others */ = {
			isa = PBXGroup;
			children = (
				F0EC17C6229A5D6200CFFDA5 /* Logger.swift */,
				F002A09A227ECF9E0018B679 /* AppDelegate.swift */,
				F002A0A1227ECFA00018B679 /* Assets.xcassets */,
				F03AB5F62284954E00E37B2E /* Extensions.swift */,
			);
			path = Others;
			sourceTree = "<group>";
		};
		F09AC661228805C5003DC091 /* Database */ = {
			isa = PBXGroup;
			children = (
				F08EA8C1228FC3D90003698B /* Remote */,
				F08EA8C2228FC3DC0003698B /* Local */,
				F09AC66422880675003DC091 /* DatabaseRequirements.swift */,
			);
			path = Database;
			sourceTree = "<group>";
		};
		F0F28A12238A9DD40017EAFD /* AppEntry */ = {
			isa = PBXGroup;
			children = (
				F0F28A10238A9C700017EAFD /* RootViewController.swift */,
				F0F28A13238A9DE30017EAFD /* RootViewNavigator.swift */,
				F0994F942393746B009093BD /* LoginScreen.swift */,
				F04D9D8223938CE400F759C3 /* AppSession.swift */,
			);
			path = AppEntry;
			sourceTree = "<group>";
		};
/* End PBXGroup section */

/* Begin PBXNativeTarget section */
		F002A096227ECF9E0018B679 /* todoSlayer */ = {
			isa = PBXNativeTarget;
			buildConfigurationList = F002A0A9227ECFA00018B679 /* Build configuration list for PBXNativeTarget "todoSlayer" */;
			buildPhases = (
				08A3A2E7CF812C2D24B5E8CC /* [CP] Check Pods Manifest.lock */,
				F002A093227ECF9E0018B679 /* Sources */,
				F002A094227ECF9E0018B679 /* Frameworks */,
				F002A095227ECF9E0018B679 /* Resources */,
				45CE239D10B5EF9D6CC405C0 /* [CP] Embed Pods Frameworks */,
				4A9606ECF6DD6C5A25D2E640 /* [CP] Copy Pods Resources */,
			);
			buildRules = (
			);
			dependencies = (
			);
			name = todoSlayer;
			productName = todoSlayer;
			productReference = F002A097227ECF9E0018B679 /* todoSlayer.app */;
			productType = "com.apple.product-type.application";
		};
/* End PBXNativeTarget section */

/* Begin PBXProject section */
		F002A08F227ECF9E0018B679 /* Project object */ = {
			isa = PBXProject;
			attributes = {
				LastSwiftUpdateCheck = 1020;
				LastUpgradeCheck = 1020;
				ORGANIZATIONNAME = "Kalyani shiva";
				TargetAttributes = {
					F002A096227ECF9E0018B679 = {
						CreatedOnToolsVersion = 10.2;
					};
				};
			};
			buildConfigurationList = F002A092227ECF9E0018B679 /* Build configuration list for PBXProject "todoSlayer" */;
			compatibilityVersion = "Xcode 9.3";
			developmentRegion = en;
			hasScannedForEncodings = 0;
			knownRegions = (
				en,
				Base,
			);
			mainGroup = F002A08E227ECF9E0018B679;
			productRefGroup = F002A098227ECF9E0018B679 /* Products */;
			projectDirPath = "";
			projectRoot = "";
			targets = (
				F002A096227ECF9E0018B679 /* todoSlayer */,
			);
		};
/* End PBXProject section */

/* Begin PBXResourcesBuildPhase section */
		F002A095227ECF9E0018B679 /* Resources */ = {
			isa = PBXResourcesBuildPhase;
			buildActionMask = 2147483647;
			files = (
				F002A0A2227ECFA00018B679 /* Assets.xcassets in Resources */,
				F0860CF12376C9BC00298AE5 /* GoogleService-Info.plist in Resources */,
			);
			runOnlyForDeploymentPostprocessing = 0;
		};
/* End PBXResourcesBuildPhase section */

/* Begin PBXShellScriptBuildPhase section */
		08A3A2E7CF812C2D24B5E8CC /* [CP] Check Pods Manifest.lock */ = {
			isa = PBXShellScriptBuildPhase;
			buildActionMask = 2147483647;
			files = (
			);
			inputFileListPaths = (
			);
			inputPaths = (
				"${PODS_PODFILE_DIR_PATH}/Podfile.lock",
				"${PODS_ROOT}/Manifest.lock",
			);
			name = "[CP] Check Pods Manifest.lock";
			outputFileListPaths = (
			);
			outputPaths = (
				"$(DERIVED_FILE_DIR)/Pods-todoSlayer-checkManifestLockResult.txt",
			);
			runOnlyForDeploymentPostprocessing = 0;
			shellPath = /bin/sh;
			shellScript = "diff \"${PODS_PODFILE_DIR_PATH}/Podfile.lock\" \"${PODS_ROOT}/Manifest.lock\" > /dev/null\nif [ $? != 0 ] ; then\n    # print error to STDERR\n    echo \"error: The sandbox is not in sync with the Podfile.lock. Run 'pod install' or update your CocoaPods installation.\" >&2\n    exit 1\nfi\n# This output is used by Xcode 'outputs' to avoid re-running this script phase.\necho \"SUCCESS\" > \"${SCRIPT_OUTPUT_FILE_0}\"\n";
			showEnvVarsInLog = 0;
		};
		45CE239D10B5EF9D6CC405C0 /* [CP] Embed Pods Frameworks */ = {
			isa = PBXShellScriptBuildPhase;
			buildActionMask = 2147483647;
			files = (
			);
			inputFileListPaths = (
				"${PODS_ROOT}/Target Support Files/Pods-todoSlayer/Pods-todoSlayer-frameworks-${CONFIGURATION}-input-files.xcfilelist",
			);
			name = "[CP] Embed Pods Frameworks";
			outputFileListPaths = (
				"${PODS_ROOT}/Target Support Files/Pods-todoSlayer/Pods-todoSlayer-frameworks-${CONFIGURATION}-output-files.xcfilelist",
			);
			runOnlyForDeploymentPostprocessing = 0;
			shellPath = /bin/sh;
			shellScript = "\"${PODS_ROOT}/Target Support Files/Pods-todoSlayer/Pods-todoSlayer-frameworks.sh\"\n";
			showEnvVarsInLog = 0;
		};
		4A9606ECF6DD6C5A25D2E640 /* [CP] Copy Pods Resources */ = {
			isa = PBXShellScriptBuildPhase;
			buildActionMask = 2147483647;
			files = (
			);
			inputFileListPaths = (
				"${PODS_ROOT}/Target Support Files/Pods-todoSlayer/Pods-todoSlayer-resources-${CONFIGURATION}-input-files.xcfilelist",
			);
			name = "[CP] Copy Pods Resources";
			outputFileListPaths = (
				"${PODS_ROOT}/Target Support Files/Pods-todoSlayer/Pods-todoSlayer-resources-${CONFIGURATION}-output-files.xcfilelist",
			);
			runOnlyForDeploymentPostprocessing = 0;
			shellPath = /bin/sh;
			shellScript = "\"${PODS_ROOT}/Target Support Files/Pods-todoSlayer/Pods-todoSlayer-resources.sh\"\n";
			showEnvVarsInLog = 0;
		};
/* End PBXShellScriptBuildPhase section */

/* Begin PBXSourcesBuildPhase section */
		F002A093227ECF9E0018B679 /* Sources */ = {
			isa = PBXSourcesBuildPhase;
			buildActionMask = 2147483647;
			files = (
				F0860CF52376D32100298AE5 /* AppEntryViewModel.swift in Sources */,
				F04189AC239D68C000BDD849 /* HomeViewModel.swift in Sources */,
				F04189AA239D562200BDD849 /* List.swift in Sources */,
				F002A09D227ECF9E0018B679 /* TodoListVC.swift in Sources */,
				F03AB5F52284915300E37B2E /* TodoItem.swift in Sources */,
				F0217B1C239D47F20077407A /* HomeViewCell.swift in Sources */,
				F03AB5FB2284971B00E37B2E /* TodoDetailVC.swift in Sources */,
				F0994F952393746B009093BD /* LoginScreen.swift in Sources */,
				F0F28A14238A9DE30017EAFD /* RootViewNavigator.swift in Sources */,
				F09AC65E2287F753003DC091 /* TodoDetailViewModel.swift in Sources */,
				F0CF358B2393D3CF00BA51D0 /* FirebaseLayer+LoginScreen.swift in Sources */,
				F07EA87F23890E0A00A0FD97 /* TimeVC.swift in Sources */,
				F0217B18239BA25F0077407A /* TestVC.swift in Sources */,
				F008BB4E22AB81C500700CED /* TodoListVCModel.swift in Sources */,
				F03A05AD23080751003967E1 /* DateTimeVC.swift in Sources */,
				F09AC66522880675003DC091 /* DatabaseRequirements.swift in Sources */,
				F060A5EC22A2F92E00B095B3 /* RoundedCheckBoxButton.swift in Sources */,
				F002A09B227ECF9E0018B679 /* AppDelegate.swift in Sources */,
				F022509B239EAC6C008C3FE3 /* FirebaseLayer+HomeVC.swift in Sources */,
				F03AB5F72284954E00E37B2E /* Extensions.swift in Sources */,
				F0F28A11238A9C700017EAFD /* RootViewController.swift in Sources */,
				F0EC17C7229A5D6200CFFDA5 /* Logger.swift in Sources */,
				F010CBB7228835F500F2708A /* TaskCell.swift in Sources */,
				F08EA8C6228FC49E0003698B /* FirebaseLayer+ItemDetailView.swift in Sources */,
				F0860CF32376CC7100298AE5 /* FirebaseLayer+DeviceToken.swift in Sources */,
				F0217B1A239D42740077407A /* HomeVC.swift in Sources */,
				F049B06C2393D5B30070F43B /* User.swift in Sources */,
				F08EA8C8228FC7AC0003698B /* FirebaseLayer+ItemListView.swift in Sources */,
				F04D9D8323938CE400F759C3 /* AppSession.swift in Sources */,
				F010CBB922883F7E00F2708A /* RealmLayer + TodoItemList.swift in Sources */,
				F03AB5F92284967200E37B2E /* TodoListViewModel.swift in Sources */,
				F08EA8C4228FC4210003698B /* FirebaseLayer.swift in Sources */,
				F09AC6632288064B003DC091 /* RealmLayer.swift in Sources */,
				F09AC66722880715003DC091 /* RealmLayer + TodoItemEntry.swift in Sources */,
			);
			runOnlyForDeploymentPostprocessing = 0;
		};
/* End PBXSourcesBuildPhase section */

/* Begin XCBuildConfiguration section */
		F002A0A7227ECFA00018B679 /* Debug */ = {
			isa = XCBuildConfiguration;
			buildSettings = {
				ALWAYS_SEARCH_USER_PATHS = NO;
				CLANG_ANALYZER_NONNULL = YES;
				CLANG_ANALYZER_NUMBER_OBJECT_CONVERSION = YES_AGGRESSIVE;
				CLANG_CXX_LANGUAGE_STANDARD = "gnu++14";
				CLANG_CXX_LIBRARY = "libc++";
				CLANG_ENABLE_MODULES = YES;
				CLANG_ENABLE_OBJC_ARC = YES;
				CLANG_ENABLE_OBJC_WEAK = YES;
				CLANG_WARN_BLOCK_CAPTURE_AUTORELEASING = YES;
				CLANG_WARN_BOOL_CONVERSION = YES;
				CLANG_WARN_COMMA = YES;
				CLANG_WARN_CONSTANT_CONVERSION = YES;
				CLANG_WARN_DEPRECATED_OBJC_IMPLEMENTATIONS = YES;
				CLANG_WARN_DIRECT_OBJC_ISA_USAGE = YES_ERROR;
				CLANG_WARN_DOCUMENTATION_COMMENTS = YES;
				CLANG_WARN_EMPTY_BODY = YES;
				CLANG_WARN_ENUM_CONVERSION = YES;
				CLANG_WARN_INFINITE_RECURSION = YES;
				CLANG_WARN_INT_CONVERSION = YES;
				CLANG_WARN_NON_LITERAL_NULL_CONVERSION = YES;
				CLANG_WARN_OBJC_IMPLICIT_RETAIN_SELF = YES;
				CLANG_WARN_OBJC_LITERAL_CONVERSION = YES;
				CLANG_WARN_OBJC_ROOT_CLASS = YES_ERROR;
				CLANG_WARN_RANGE_LOOP_ANALYSIS = YES;
				CLANG_WARN_STRICT_PROTOTYPES = YES;
				CLANG_WARN_SUSPICIOUS_MOVE = YES;
				CLANG_WARN_UNGUARDED_AVAILABILITY = YES_AGGRESSIVE;
				CLANG_WARN_UNREACHABLE_CODE = YES;
				CLANG_WARN__DUPLICATE_METHOD_MATCH = YES;
				CODE_SIGN_IDENTITY = "iPhone Developer";
				COPY_PHASE_STRIP = NO;
				DEBUG_INFORMATION_FORMAT = dwarf;
				ENABLE_STRICT_OBJC_MSGSEND = YES;
				ENABLE_TESTABILITY = YES;
				GCC_C_LANGUAGE_STANDARD = gnu11;
				GCC_DYNAMIC_NO_PIC = NO;
				GCC_NO_COMMON_BLOCKS = YES;
				GCC_OPTIMIZATION_LEVEL = 0;
				GCC_PREPROCESSOR_DEFINITIONS = (
					"DEBUG=1",
					"$(inherited)",
				);
				GCC_WARN_64_TO_32_BIT_CONVERSION = YES;
				GCC_WARN_ABOUT_RETURN_TYPE = YES_ERROR;
				GCC_WARN_UNDECLARED_SELECTOR = YES;
				GCC_WARN_UNINITIALIZED_AUTOS = YES_AGGRESSIVE;
				GCC_WARN_UNUSED_FUNCTION = YES;
				GCC_WARN_UNUSED_VARIABLE = YES;
				IPHONEOS_DEPLOYMENT_TARGET = 12.2;
				MTL_ENABLE_DEBUG_INFO = INCLUDE_SOURCE;
				MTL_FAST_MATH = YES;
				ONLY_ACTIVE_ARCH = YES;
				SDKROOT = iphoneos;
				SWIFT_ACTIVE_COMPILATION_CONDITIONS = DEBUG;
				SWIFT_OPTIMIZATION_LEVEL = "-Onone";
			};
			name = Debug;
		};
		F002A0A8227ECFA00018B679 /* Release */ = {
			isa = XCBuildConfiguration;
			buildSettings = {
				ALWAYS_SEARCH_USER_PATHS = NO;
				CLANG_ANALYZER_NONNULL = YES;
				CLANG_ANALYZER_NUMBER_OBJECT_CONVERSION = YES_AGGRESSIVE;
				CLANG_CXX_LANGUAGE_STANDARD = "gnu++14";
				CLANG_CXX_LIBRARY = "libc++";
				CLANG_ENABLE_MODULES = YES;
				CLANG_ENABLE_OBJC_ARC = YES;
				CLANG_ENABLE_OBJC_WEAK = YES;
				CLANG_WARN_BLOCK_CAPTURE_AUTORELEASING = YES;
				CLANG_WARN_BOOL_CONVERSION = YES;
				CLANG_WARN_COMMA = YES;
				CLANG_WARN_CONSTANT_CONVERSION = YES;
				CLANG_WARN_DEPRECATED_OBJC_IMPLEMENTATIONS = YES;
				CLANG_WARN_DIRECT_OBJC_ISA_USAGE = YES_ERROR;
				CLANG_WARN_DOCUMENTATION_COMMENTS = YES;
				CLANG_WARN_EMPTY_BODY = YES;
				CLANG_WARN_ENUM_CONVERSION = YES;
				CLANG_WARN_INFINITE_RECURSION = YES;
				CLANG_WARN_INT_CONVERSION = YES;
				CLANG_WARN_NON_LITERAL_NULL_CONVERSION = YES;
				CLANG_WARN_OBJC_IMPLICIT_RETAIN_SELF = YES;
				CLANG_WARN_OBJC_LITERAL_CONVERSION = YES;
				CLANG_WARN_OBJC_ROOT_CLASS = YES_ERROR;
				CLANG_WARN_RANGE_LOOP_ANALYSIS = YES;
				CLANG_WARN_STRICT_PROTOTYPES = YES;
				CLANG_WARN_SUSPICIOUS_MOVE = YES;
				CLANG_WARN_UNGUARDED_AVAILABILITY = YES_AGGRESSIVE;
				CLANG_WARN_UNREACHABLE_CODE = YES;
				CLANG_WARN__DUPLICATE_METHOD_MATCH = YES;
				CODE_SIGN_IDENTITY = "iPhone Developer";
				COPY_PHASE_STRIP = NO;
				DEBUG_INFORMATION_FORMAT = "dwarf-with-dsym";
				ENABLE_NS_ASSERTIONS = NO;
				ENABLE_STRICT_OBJC_MSGSEND = YES;
				GCC_C_LANGUAGE_STANDARD = gnu11;
				GCC_NO_COMMON_BLOCKS = YES;
				GCC_WARN_64_TO_32_BIT_CONVERSION = YES;
				GCC_WARN_ABOUT_RETURN_TYPE = YES_ERROR;
				GCC_WARN_UNDECLARED_SELECTOR = YES;
				GCC_WARN_UNINITIALIZED_AUTOS = YES_AGGRESSIVE;
				GCC_WARN_UNUSED_FUNCTION = YES;
				GCC_WARN_UNUSED_VARIABLE = YES;
				IPHONEOS_DEPLOYMENT_TARGET = 12.2;
				MTL_ENABLE_DEBUG_INFO = NO;
				MTL_FAST_MATH = YES;
				SDKROOT = iphoneos;
				SWIFT_COMPILATION_MODE = wholemodule;
				SWIFT_OPTIMIZATION_LEVEL = "-O";
				VALIDATE_PRODUCT = YES;
			};
			name = Release;
		};
		F002A0AA227ECFA00018B679 /* Debug */ = {
			isa = XCBuildConfiguration;
			baseConfigurationReference = 515EC0C51191184115EB7E35 /* Pods-todoSlayer.debug.xcconfig */;
			buildSettings = {
				ASSETCATALOG_COMPILER_APPICON_NAME = AppIcon;
				CODE_SIGN_ENTITLEMENTS = todoSlayer/todoSlayer.entitlements;
				CODE_SIGN_STYLE = Automatic;
				DERIVE_MACCATALYST_PRODUCT_BUNDLE_IDENTIFIER = YES;
				DEVELOPMENT_TEAM = MSH8396CBS;
				INFOPLIST_FILE = todoSlayer/Info.plist;
				IPHONEOS_DEPLOYMENT_TARGET = 13.0;
				LD_RUNPATH_SEARCH_PATHS = (
					"$(inherited)",
					"@executable_path/Frameworks",
				);
				PRODUCT_BUNDLE_IDENTIFIER = com.karthik.todoSlayer;
				PRODUCT_NAME = "$(TARGET_NAME)";
				SUPPORTS_MACCATALYST = YES;
				SWIFT_VERSION = 5.0;
				TARGETED_DEVICE_FAMILY = "1,2";
			};
			name = Debug;
		};
		F002A0AB227ECFA00018B679 /* Release */ = {
			isa = XCBuildConfiguration;
			baseConfigurationReference = B05518B4AD4CDD7EAF1F59CD /* Pods-todoSlayer.release.xcconfig */;
			buildSettings = {
				ASSETCATALOG_COMPILER_APPICON_NAME = AppIcon;
				CODE_SIGN_ENTITLEMENTS = todoSlayer/todoSlayer.entitlements;
				CODE_SIGN_STYLE = Automatic;
				DERIVE_MACCATALYST_PRODUCT_BUNDLE_IDENTIFIER = YES;
				DEVELOPMENT_TEAM = MSH8396CBS;
				INFOPLIST_FILE = todoSlayer/Info.plist;
				IPHONEOS_DEPLOYMENT_TARGET = 13.0;
				LD_RUNPATH_SEARCH_PATHS = (
					"$(inherited)",
					"@executable_path/Frameworks",
				);
				PRODUCT_BUNDLE_IDENTIFIER = com.karthik.todoSlayer;
				PRODUCT_NAME = "$(TARGET_NAME)";
				SUPPORTS_MACCATALYST = YES;
				SWIFT_VERSION = 5.0;
				TARGETED_DEVICE_FAMILY = "1,2";
			};
			name = Release;
		};
/* End XCBuildConfiguration section */

/* Begin XCConfigurationList section */
		F002A092227ECF9E0018B679 /* Build configuration list for PBXProject "todoSlayer" */ = {
			isa = XCConfigurationList;
			buildConfigurations = (
				F002A0A7227ECFA00018B679 /* Debug */,
				F002A0A8227ECFA00018B679 /* Release */,
			);
			defaultConfigurationIsVisible = 0;
			defaultConfigurationName = Release;
		};
		F002A0A9227ECFA00018B679 /* Build configuration list for PBXNativeTarget "todoSlayer" */ = {
			isa = XCConfigurationList;
			buildConfigurations = (
				F002A0AA227ECFA00018B679 /* Debug */,
				F002A0AB227ECFA00018B679 /* Release */,
			);
			defaultConfigurationIsVisible = 0;
			defaultConfigurationName = Release;
		};
/* End XCConfigurationList section */
	};
	rootObject = F002A08F227ECF9E0018B679 /* Project object */;
}
